<?xml version="1.0" encoding="utf-8"?>
<Project ToolsVersion="4.0" xmlns="http://schemas.microsoft.com/developer/msbuild/2003">
  <ItemGroup>
    <ClCompile Include="Combat.cpp" />
    <ClCompile Include="Dungeon.cpp" />
    <ClCompile Include="GameManager.cpp" />
    <ClCompile Include="Inventory.cpp" />
    <ClCompile Include="Item.cpp" />
    <ClCompile Include="Monster.cpp" />
    <ClCompile Include="Player.cpp" />
    <ClCompile Include="Room.cpp" />
    <ClCompile Include="main.cpp" />
  </ItemGroup>
  <ItemGroup>
    <ClInclude Include="Combat.h" />
    <ClInclude Include="Dungeon.h" />
    <ClInclude Include="Global.h" />
    <ClInclude Include="Inventory.h" />
    <ClInclude Include="Item.h" />
    <ClInclude Include="GameManager.h" />
    <ClInclude Include="IDungeon.h" />
    <ClInclude Include="ICombat.h" />
    <ClInclude Include="IGameManager.h" />
    <ClInclude Include="IInventory.h" />
    <ClInclude Include="IItem.h" />
    <ClInclude Include="IMonster.h" />
    <ClInclude Include="IPlayer.h" />
    <ClInclude Include="IRoom.h" />
    <ClInclude Include="Monster.h" />
    <ClInclude Include="Player.h" />
    <ClInclude Include="Position.h" />
    <ClInclude Include="Room.h" />
  </ItemGroup>
</Project>